{
  "name": "senac",
  "lockfileVersion": 2,
  "requires": true,
  "packages": {
    "": {
      "dependencies": {
        "@capacitor/camera": "^4.1.4",
        "@capacitor/filesystem": "^4.1.4",
        "@capacitor/preferences": "^4.0.2"
      }
    },
    "node_modules/@capacitor/camera": {
      "version": "4.1.4",
      "resolved": "https://registry.npmjs.org/@capacitor/camera/-/camera-4.1.4.tgz",
      "integrity": "sha512-7f4n7PlnstYsdGyxc0Kc4hIyS6csFLOjXvffm7pJsuy9pSo+kfdOPdYgGg360QwbUAmA+Yv+J1ZW1eFIwgvWrQ==",
      "peerDependencies": {
        "@capacitor/core": "^4.0.0"
      }
    },
    "node_modules/@capacitor/filesystem": {
      "version": "4.1.4",
      "resolved": "https://registry.npmjs.org/@capacitor/filesystem/-/filesystem-4.1.4.tgz",
      "integrity": "sha512-ivko1RNK4hq63xhMacq8D6D97N5/SAafTsrmY/pghYrG6Cl2SEY0+IgRu7V9/VWeN3FSplyUPucjUTAFQxXN5g==",
      "peerDependencies": {
        "@capacitor/core": "^4.0.0"
      }
    },
    "node_modules/@capacitor/preferences": {
      "version": "4.0.2",
      "resolved": "https://registry.npmjs.org/@capacitor/preferences/-/preferences-4.0.2.tgz",
      "integrity": "sha512-HgcRkMdVHSIV3TeQLZFmCaCeMWQ25wLyZZ7dA2f8Rw81Q1Nroxsi7HxTEGNqrWKSN9PNKBJD8vChr6eB2GNtZg==",
      "peerDependencies": {
        "@capacitor/core": "^4.0.0"
      }
    }
  },
  "dependencies": {
    "@capacitor/camera": {
      "version": "4.1.4",
      "resolved": "https://registry.npmjs.org/@capacitor/camera/-/camera-4.1.4.tgz",
      "integrity": "sha512-7f4n7PlnstYsdGyxc0Kc4hIyS6csFLOjXvffm7pJsuy9pSo+kfdOPdYgGg360QwbUAmA+Yv+J1ZW1eFIwgvWrQ=="
    },
    "@capacitor/filesystem": {
      "version": "4.1.4",
      "resolved": "https://registry.npmjs.org/@capacitor/filesystem/-/filesystem-4.1.4.tgz",
      "integrity": "sha512-ivko1RNK4hq63xhMacq8D6D97N5/SAafTsrmY/pghYrG6Cl2SEY0+IgRu7V9/VWeN3FSplyUPucjUTAFQxXN5g=="
    },
    "@capacitor/preferences": {
      "version": "4.0.2",
      "resolved": "https://registry.npmjs.org/@capacitor/preferences/-/preferences-4.0.2.tgz",
      "integrity": "sha512-HgcRkMdVHSIV3TeQLZFmCaCeMWQ25wLyZZ7dA2f8Rw81Q1Nroxsi7HxTEGNqrWKSN9PNKBJD8vChr6eB2GNtZg=="
    }
  }
}
